
Microsoft Visual Studio Solution File, Format Version 12.00
# Visual Studio Version 16
VisualStudioVersion = 16.0.28922.388
MinimumVisualStudioVersion = 10.0.40219.1
Project("{9A19103F-16F7-4668-BE54-9A1E7A4F7556}") = "Grok.Net", "Grok.Net\Grok.Net.csproj", "{80980CE7-4509-4CBC-BEE7-E3DFD2213AE5}"
EndProject
Project("{2150E333-8FDC-42A3-9474-1A3956D46DE8}") = "Solution Items", "Solution Items", "{A5D8C62F-3561-425E-A210-190DCA2077C9}"
	ProjectSection(SolutionItems) = preProject
		..\build.cake = ..\build.cake
		..\build.ps1 = ..\build.ps1
		..\build.sh = ..\build.sh
	EndProjectSection
EndProject
Global
	GlobalSection(SolutionConfigurationPlatforms) = preSolution
		Debug|Any CPU = Debug|Any CPU
		Release|Any CPU = Release|Any CPU
	EndGlobalSection
	GlobalSection(ProjectConfigurationPlatforms) = postSolution
		{80980CE7-4509-4CBC-BEE7-E3DFD2213AE5}.Debug|Any CPU.ActiveCfg = Debug|Any CPU
		{80980CE7-4509-4CBC-BEE7-E3DFD2213AE5}.Debug|Any CPU.Build.0 = Debug|Any CPU
		{80980CE7-4509-4CBC-BEE7-E3DFD2213AE5}.Release|Any CPU.ActiveCfg = Release|Any CPU
		{80980CE7-4509-4CBC-BEE7-E3DFD2213AE5}.Release|Any CPU.Build.0 = Release|Any CPU
	EndGlobalSection
	GlobalSection(SolutionProperties) = preSolution
		HideSolutionNode = FALSE
	EndGlobalSection
	GlobalSection(ExtensibilityGlobals) = postSolution
		SolutionGuid = {A52A5871-807F-4CE3-96BD-3B5E245C2EFC}
	EndGlobalSection
EndGlobal
